
Microsoft Visual Studio Solution File, Format Version 12.00
# Visual Studio Version 17
VisualStudioVersion = 17.1.32414.318
MinimumVisualStudioVersion = 10.0.40219.1
Project("{9A19103F-16F7-4668-BE54-9A1E7A4F7556}") = "Orion_Web_Application", "Orion_Web_Application\Orion_Web_Application.csproj", "{BD26B347-53B6-431C-B33D-188BFD10E1C4}"
EndProject
Project("{9A19103F-16F7-4668-BE54-9A1E7A4F7556}") = "SqlDataAccessLibrary", "SqlDataAccessLibrary\SqlDataAccessLibrary.csproj", "{176D0516-60CF-4902-8988-0E59F51F824F}"
EndProject
Global
	GlobalSection(SolutionConfigurationPlatforms) = preSolution
		Debug|Any CPU = Debug|Any CPU
		Release|Any CPU = Release|Any CPU
	EndGlobalSection
	GlobalSection(ProjectConfigurationPlatforms) = postSolution
		{BD26B347-53B6-431C-B33D-188BFD10E1C4}.Debug|Any CPU.ActiveCfg = Debug|Any CPU
		{BD26B347-53B6-431C-B33D-188BFD10E1C4}.Debug|Any CPU.Build.0 = Debug|Any CPU
		{BD26B347-53B6-431C-B33D-188BFD10E1C4}.Release|Any CPU.ActiveCfg = Release|Any CPU
		{BD26B347-53B6-431C-B33D-188BFD10E1C4}.Release|Any CPU.Build.0 = Release|Any CPU
		{176D0516-60CF-4902-8988-0E59F51F824F}.Debug|Any CPU.ActiveCfg = Debug|Any CPU
		{176D0516-60CF-4902-8988-0E59F51F824F}.Debug|Any CPU.Build.0 = Debug|Any CPU
		{176D0516-60CF-4902-8988-0E59F51F824F}.Release|Any CPU.ActiveCfg = Release|Any CPU
		{176D0516-60CF-4902-8988-0E59F51F824F}.Release|Any CPU.Build.0 = Release|Any CPU
	EndGlobalSection
	GlobalSection(SolutionProperties) = preSolution
		HideSolutionNode = FALSE
	EndGlobalSection
	GlobalSection(ExtensibilityGlobals) = postSolution
		SolutionGuid = {920217E3-B982-4D4F-9A0F-686166110D83}
	EndGlobalSection
EndGlobal
